// !$*UTF8*$!
{
	archiveVersion = 1;
	classes = {
	};
	objectVersion = 50;
	objects = {

/* Begin PBXBuildFile section */
		D764608A248FB7A0005CF692 /* AppDelegate.swift in Sources */ = {isa = PBXBuildFile; fileRef = D7646089248FB7A0005CF692 /* AppDelegate.swift */; };
		D764608F248FB7A0005CF692 /* Main.storyboard in Resources */ = {isa = PBXBuildFile; fileRef = D764608D248FB7A0005CF692 /* Main.storyboard */; };
		D7646091248FB7A3005CF692 /* Assets.xcassets in Resources */ = {isa = PBXBuildFile; fileRef = D7646090248FB7A3005CF692 /* Assets.xcassets */; };
		D7646094248FB7A3005CF692 /* LaunchScreen.storyboard in Resources */ = {isa = PBXBuildFile; fileRef = D7646092248FB7A3005CF692 /* LaunchScreen.storyboard */; };
		D764609C248FB8D1005CF692 /* ContactListViewController.swift in Sources */ = {isa = PBXBuildFile; fileRef = D764609B248FB8D1005CF692 /* ContactListViewController.swift */; };
		D764609E248FBA65005CF692 /* Person.swift in Sources */ = {isa = PBXBuildFile; fileRef = D764609D248FBA65005CF692 /* Person.swift */; };
		D76460A0248FBAE8005CF692 /* DataManager.swift in Sources */ = {isa = PBXBuildFile; fileRef = D764609F248FBAE8005CF692 /* DataManager.swift */; };
		D76460A2248FC952005CF692 /* DetailInformationViewController.swift in Sources */ = {isa = PBXBuildFile; fileRef = D76460A1248FC952005CF692 /* DetailInformationViewController.swift */; };
		D76460A42490310C005CF692 /* ContactsWithInfoViewController.swift in Sources */ = {isa = PBXBuildFile; fileRef = D76460A32490310C005CF692 /* ContactsWithInfoViewController.swift */; };
/* End PBXBuildFile section */

/* Begin PBXFileReference section */
		D7646086248FB7A0005CF692 /* ContactList.app */ = {isa = PBXFileReference; explicitFileType = wrapper.application; includeInIndex = 0; path = ContactList.app; sourceTree = BUILT_PRODUCTS_DIR; };
		D7646089248FB7A0005CF692 /* AppDelegate.swift */ = {isa = PBXFileReference; lastKnownFileType = sourcecode.swift; path = AppDelegate.swift; sourceTree = "<group>"; };
		D764608E248FB7A0005CF692 /* Base */ = {isa = PBXFileReference; lastKnownFileType = file.storyboard; name = Base; path = Base.lproj/Main.storyboard; sourceTree = "<group>"; };
		D7646090248FB7A3005CF692 /* Assets.xcassets */ = {isa = PBXFileReference; lastKnownFileType = folder.assetcatalog; path = Assets.xcassets; sourceTree = "<group>"; };
		D7646093248FB7A3005CF692 /* Base */ = {isa = PBXFileReference; lastKnownFileType = file.storyboard; name = Base; path = Base.lproj/LaunchScreen.storyboard; sourceTree = "<group>"; };
		D7646095248FB7A3005CF692 /* Info.plist */ = {isa = PBXFileReference; lastKnownFileType = text.plist.xml; path = Info.plist; sourceTree = "<group>"; };
		D764609B248FB8D1005CF692 /* ContactListViewController.swift */ = {isa = PBXFileReference; lastKnownFileType = sourcecode.swift; path = ContactListViewController.swift; sourceTree = "<group>"; };
		D764609D248FBA65005CF692 /* Person.swift */ = {isa = PBXFileReference; lastKnownFileType = sourcecode.swift; path = Person.swift; sourceTree = "<group>"; };
		D764609F248FBAE8005CF692 /* DataManager.swift */ = {isa = PBXFileReference; lastKnownFileType = sourcecode.swift; path = DataManager.swift; sourceTree = "<group>"; };
		D76460A1248FC952005CF692 /* DetailInformationViewController.swift */ = {isa = PBXFileReference; lastKnownFileType = sourcecode.swift; path = DetailInformationViewController.swift; sourceTree = "<group>"; };
		D76460A32490310C005CF692 /* ContactsWithInfoViewController.swift */ = {isa = PBXFileReference; lastKnownFileType = sourcecode.swift; path = ContactsWithInfoViewController.swift; sourceTree = "<group>"; };
/* End PBXFileReference section */

/* Begin PBXFrameworksBuildPhase section */
		D7646083248FB7A0005CF692 /* Frameworks */ = {
			isa = PBXFrameworksBuildPhase;
			buildActionMask = 2147483647;
			files = (
			);
			runOnlyForDeploymentPostprocessing = 0;
		};
/* End PBXFrameworksBuildPhase section */

/* Begin PBXGroup section */
		D764607D248FB7A0005CF692 = {
			isa = PBXGroup;
			children = (
				D7646088248FB7A0005CF692 /* ContactList */,
				D7646087248FB7A0005CF692 /* Products */,
			);
			sourceTree = "<group>";
		};
		D7646087248FB7A0005CF692 /* Products */ = {
			isa = PBXGroup;
			children = (
				D7646086248FB7A0005CF692 /* ContactList.app */,
			);
			name = Products;
			sourceTree = "<group>";
		};
		D7646088248FB7A0005CF692 /* ContactList */ = {
			isa = PBXGroup;
			children = (
				D764609B248FB8D1005CF692 /* ContactListViewController.swift */,
				D7646089248FB7A0005CF692 /* AppDelegate.swift */,
				D764608D248FB7A0005CF692 /* Main.storyboard */,
				D76460A1248FC952005CF692 /* DetailInformationViewController.swift */,
				D76460A32490310C005CF692 /* ContactsWithInfoViewController.swift */,
				D764609D248FBA65005CF692 /* Person.swift */,
				D764609F248FBAE8005CF692 /* DataManager.swift */,
				D7646090248FB7A3005CF692 /* Assets.xcassets */,
				D7646092248FB7A3005CF692 /* LaunchScreen.storyboard */,
				D7646095248FB7A3005CF692 /* Info.plist */,
			);
			path = ContactList;
			sourceTree = "<group>";
		};
/* End PBXGroup section */

/* Begin PBXNativeTarget section */
		D7646085248FB7A0005CF692 /* ContactList */ = {
			isa = PBXNativeTarget;
			buildConfigurationList = D7646098248FB7A3005CF692 /* Build configuration list for PBXNativeTarget "ContactList" */;
			buildPhases = (
				D7646082248FB7A0005CF692 /* Sources */,
				D7646083248FB7A0005CF692 /* Frameworks */,
				D7646084248FB7A0005CF692 /* Resources */,
			);
			buildRules = (
			);
			dependencies = (
			);
			name = ContactList;
			productName = ContactList;
			productReference = D7646086248FB7A0005CF692 /* ContactList.app */;
			productType = "com.apple.product-type.application";
		};
/* End PBXNativeTarget section */

/* Begin PBXProject section */
		D764607E248FB7A0005CF692 /* Project object */ = {
			isa = PBXProject;
			attributes = {
				LastSwiftUpdateCheck = 1030;
				LastUpgradeCheck = 1030;
				ORGANIZATIONNAME = AntonBu;
				TargetAttributes = {
					D7646085248FB7A0005CF692 = {
						CreatedOnToolsVersion = 10.3;
					};
				};
			};
			buildConfigurationList = D7646081248FB7A0005CF692 /* Build configuration list for PBXProject "ContactList" */;
			compatibilityVersion = "Xcode 9.3";
			developmentRegion = en;
			hasScannedForEncodings = 0;
			knownRegions = (
				en,
				Base,
			);
			mainGroup = D764607D248FB7A0005CF692;
			productRefGroup = D7646087248FB7A0005CF692 /* Products */;
			projectDirPath = "";
			projectRoot = "";
			targets = (
				D7646085248FB7A0005CF692 /* ContactList */,
			);
		};
/* End PBXProject section */

/* Begin PBXResourcesBuildPhase section */
		D7646084248FB7A0005CF692 /* Resources */ = {
			isa = PBXResourcesBuildPhase;
			buildActionMask = 2147483647;
			files = (
				D7646094248FB7A3005CF692 /* LaunchScreen.storyboard in Resources */,
				D7646091248FB7A3005CF692 /* Assets.xcassets in Resources */,
				D764608F248FB7A0005CF692 /* Main.storyboard in Resources */,
			);
			runOnlyForDeploymentPostprocessing = 0;
		};
/* End PBXResourcesBuildPhase section */

/* Begin PBXSourcesBuildPhase section */
		D7646082248FB7A0005CF692 /* Sources */ = {
			isa = PBXSourcesBuildPhase;
			buildActionMask = 2147483647;
			files = (
				D764609E248FBA65005CF692 /* Person.swift in Sources */,
				D76460A0248FBAE8005CF692 /* DataManager.swift in Sources */,
				D764608A248FB7A0005CF692 /* AppDelegate.swift in Sources */,
				D764609C248FB8D1005CF692 /* ContactListViewController.swift in Sources */,
				D76460A42490310C005CF692 /* ContactsWithInfoViewController.swift in Sources */,
				D76460A2248FC952005CF692 /* DetailInformationViewController.swift in Sources */,
			);
			runOnlyForDeploymentPostprocessing = 0;
		};
/* End PBXSourcesBuildPhase section */

/* Begin PBXVariantGroup section */
		D764608D248FB7A0005CF692 /* Main.storyboard */ = {
			isa = PBXVariantGroup;
			children = (
				D764608E248FB7A0005CF692 /* Base */,
			);
			name = Main.storyboard;
			sourceTree = "<group>";
		};
		D7646092248FB7A3005CF692 /* LaunchScreen.storyboard */ = {
			isa = PBXVariantGroup;
			children = (
				D7646093248FB7A3005CF692 /* Base */,
			);
			name = LaunchScreen.storyboard;
			sourceTree = "<group>";
		};
/* End PBXVariantGroup section */

/* Begin XCBuildConfiguration section */
		D7646096248FB7A3005CF692 /* Debug */ = {
			isa = XCBuildConfiguration;
			buildSettings = {
				ALWAYS_SEARCH_USER_PATHS = NO;
				CLANG_ANALYZER_NONNULL = YES;
				CLANG_ANALYZER_NUMBER_OBJECT_CONVERSION = YES_AGGRESSIVE;
				CLANG_CXX_LANGUAGE_STANDARD = "gnu++14";
				CLANG_CXX_LIBRARY = "libc++";
				CLANG_ENABLE_MODULES = YES;
				CLANG_ENABLE_OBJC_ARC = YES;
				CLANG_ENABLE_OBJC_WEAK = YES;
				CLANG_WARN_BLOCK_CAPTURE_AUTORELEASING = YES;
				CLANG_WARN_BOOL_CONVERSION = YES;
				CLANG_WARN_COMMA = YES;
				CLANG_WARN_CONSTANT_CONVERSION = YES;
				CLANG_WARN_DEPRECATED_OBJC_IMPLEMENTATIONS = YES;
				CLANG_WARN_DIRECT_OBJC_ISA_USAGE = YES_ERROR;
				CLANG_WARN_DOCUMENTATION_COMMENTS = YES;
				CLANG_WARN_EMPTY_BODY = YES;
				CLANG_WARN_ENUM_CONVERSION = YES;
				CLANG_WARN_INFINITE_RECURSION = YES;
				CLANG_WARN_INT_CONVERSION = YES;
				CLANG_WARN_NON_LITERAL_NULL_CONVERSION = YES;
				CLANG_WARN_OBJC_IMPLICIT_RETAIN_SELF = YES;
				CLANG_WARN_OBJC_LITERAL_CONVERSION = YES;
				CLANG_WARN_OBJC_ROOT_CLASS = YES_ERROR;
				CLANG_WARN_RANGE_LOOP_ANALYSIS = YES;
				CLANG_WARN_STRICT_PROTOTYPES = YES;
				CLANG_WARN_SUSPICIOUS_MOVE = YES;
				CLANG_WARN_UNGUARDED_AVAILABILITY = YES_AGGRESSIVE;
				CLANG_WARN_UNREACHABLE_CODE = YES;
				CLANG_WARN__DUPLICATE_METHOD_MATCH = YES;
				CODE_SIGN_IDENTITY = "iPhone Developer";
				COPY_PHASE_STRIP = NO;
				DEBUG_INFORMATION_FORMAT = dwarf;
				ENABLE_STRICT_OBJC_MSGSEND = YES;
				ENABLE_TESTABILITY = YES;
				GCC_C_LANGUAGE_STANDARD = gnu11;
				GCC_DYNAMIC_NO_PIC = NO;
				GCC_NO_COMMON_BLOCKS = YES;
				GCC_OPTIMIZATION_LEVEL = 0;
				GCC_PREPROCESSOR_DEFINITIONS = (
					"DEBUG=1",
					"$(inherited)",
				);
				GCC_WARN_64_TO_32_BIT_CONVERSION = YES;
				GCC_WARN_ABOUT_RETURN_TYPE = YES_ERROR;
				GCC_WARN_UNDECLARED_SELECTOR = YES;
				GCC_WARN_UNINITIALIZED_AUTOS = YES_AGGRESSIVE;
				GCC_WARN_UNUSED_FUNCTION = YES;
				GCC_WARN_UNUSED_VARIABLE = YES;
				IPHONEOS_DEPLOYMENT_TARGET = 12.4;
				MTL_ENABLE_DEBUG_INFO = INCLUDE_SOURCE;
				MTL_FAST_MATH = YES;
				ONLY_ACTIVE_ARCH = YES;
				SDKROOT = iphoneos;
				SWIFT_ACTIVE_COMPILATION_CONDITIONS = DEBUG;
				SWIFT_OPTIMIZATION_LEVEL = "-Onone";
			};
			name = Debug;
		};
		D7646097248FB7A3005CF692 /* Release */ = {
			isa = XCBuildConfiguration;
			buildSettings = {
				ALWAYS_SEARCH_USER_PATHS = NO;
				CLANG_ANALYZER_NONNULL = YES;
				CLANG_ANALYZER_NUMBER_OBJECT_CONVERSION = YES_AGGRESSIVE;
				CLANG_CXX_LANGUAGE_STANDARD = "gnu++14";
				CLANG_CXX_LIBRARY = "libc++";
				CLANG_ENABLE_MODULES = YES;
				CLANG_ENABLE_OBJC_ARC = YES;
				CLANG_ENABLE_OBJC_WEAK = YES;
				CLANG_WARN_BLOCK_CAPTURE_AUTORELEASING = YES;
				CLANG_WARN_BOOL_CONVERSION = YES;
				CLANG_WARN_COMMA = YES;
				CLANG_WARN_CONSTANT_CONVERSION = YES;
				CLANG_WARN_DEPRECATED_OBJC_IMPLEMENTATIONS = YES;
				CLANG_WARN_DIRECT_OBJC_ISA_USAGE = YES_ERROR;
				CLANG_WARN_DOCUMENTATION_COMMENTS = YES;
				CLANG_WARN_EMPTY_BODY = YES;
				CLANG_WARN_ENUM_CONVERSION = YES;
				CLANG_WARN_INFINITE_RECURSION = YES;
				CLANG_WARN_INT_CONVERSION = YES;
				CLANG_WARN_NON_LITERAL_NULL_CONVERSION = YES;
				CLANG_WARN_OBJC_IMPLICIT_RETAIN_SELF = YES;
				CLANG_WARN_OBJC_LITERAL_CONVERSION = YES;
				CLANG_WARN_OBJC_ROOT_CLASS = YES_ERROR;
				CLANG_WARN_RANGE_LOOP_ANALYSIS = YES;
				CLANG_WARN_STRICT_PROTOTYPES = YES;
				CLANG_WARN_SUSPICIOUS_MOVE = YES;
				CLANG_WARN_UNGUARDED_AVAILABILITY = YES_AGGRESSIVE;
				CLANG_WARN_UNREACHABLE_CODE = YES;
				CLANG_WARN__DUPLICATE_METHOD_MATCH = YES;
				CODE_SIGN_IDENTITY = "iPhone Developer";
				COPY_PHASE_STRIP = NO;
				DEBUG_INFORMATION_FORMAT = "dwarf-with-dsym";
				ENABLE_NS_ASSERTIONS = NO;
				ENABLE_STRICT_OBJC_MSGSEND = YES;
				GCC_C_LANGUAGE_STANDARD = gnu11;
				GCC_NO_COMMON_BLOCKS = YES;
				GCC_WARN_64_TO_32_BIT_CONVERSION = YES;
				GCC_WARN_ABOUT_RETURN_TYPE = YES_ERROR;
				GCC_WARN_UNDECLARED_SELECTOR = YES;
				GCC_WARN_UNINITIALIZED_AUTOS = YES_AGGRESSIVE;
				GCC_WARN_UNUSED_FUNCTION = YES;
				GCC_WARN_UNUSED_VARIABLE = YES;
				IPHONEOS_DEPLOYMENT_TARGET = 12.4;
				MTL_ENABLE_DEBUG_INFO = NO;
				MTL_FAST_MATH = YES;
				SDKROOT = iphoneos;
				SWIFT_COMPILATION_MODE = wholemodule;
				SWIFT_OPTIMIZATION_LEVEL = "-O";
				VALIDATE_PRODUCT = YES;
			};
			name = Release;
		};
		D7646099248FB7A3005CF692 /* Debug */ = {
			isa = XCBuildConfiguration;
			buildSettings = {
				ASSETCATALOG_COMPILER_APPICON_NAME = AppIcon;
				CODE_SIGN_STYLE = Automatic;
				DEVELOPMENT_TEAM = 69AHWRAW3D;
				INFOPLIST_FILE = ContactList/Info.plist;
				LD_RUNPATH_SEARCH_PATHS = (
					"$(inherited)",
					"@executable_path/Frameworks",
				);
				PRODUCT_BUNDLE_IDENTIFIER = ru.antonBu.ContactList;
				PRODUCT_NAME = "$(TARGET_NAME)";
				SWIFT_VERSION = 5.0;
				TARGETED_DEVICE_FAMILY = "1,2";
			};
			name = Debug;
		};
		D764609A248FB7A3005CF692 /* Release */ = {
			isa = XCBuildConfiguration;
			buildSettings = {
				ASSETCATALOG_COMPILER_APPICON_NAME = AppIcon;
				CODE_SIGN_STYLE = Automatic;
				DEVELOPMENT_TEAM = 69AHWRAW3D;
				INFOPLIST_FILE = ContactList/Info.plist;
				LD_RUNPATH_SEARCH_PATHS = (
					"$(inherited)",
					"@executable_path/Frameworks",
				);
				PRODUCT_BUNDLE_IDENTIFIER = ru.antonBu.ContactList;
				PRODUCT_NAME = "$(TARGET_NAME)";
				SWIFT_VERSION = 5.0;
				TARGETED_DEVICE_FAMILY = "1,2";
			};
			name = Release;
		};
/* End XCBuildConfiguration section */

/* Begin XCConfigurationList section */
		D7646081248FB7A0005CF692 /* Build configuration list for PBXProject "ContactList" */ = {
			isa = XCConfigurationList;
			buildConfigurations = (
				D7646096248FB7A3005CF692 /* Debug */,
				D7646097248FB7A3005CF692 /* Release */,
			);
			defaultConfigurationIsVisible = 0;
			defaultConfigurationName = Release;
		};
		D7646098248FB7A3005CF692 /* Build configuration list for PBXNativeTarget "ContactList" */ = {
			isa = XCConfigurationList;
			buildConfigurations = (
				D7646099248FB7A3005CF692 /* Debug */,
				D764609A248FB7A3005CF692 /* Release */,
			);
			defaultConfigurationIsVisible = 0;
			defaultConfigurationName = Release;
		};
/* End XCConfigurationList section */
	};
	rootObject = D764607E248FB7A0005CF692 /* Project object */;
}
